// !$*UTF8*$!
{
	archiveVersion = 1;
	classes = {
	};
	objectVersion = 50;
	objects = {

/* Begin PBXBuildFile section */
		008F2717302076FC748F7741 /* libPods-MixRoute.a in Frameworks */ = {isa = PBXBuildFile; fileRef = B88D00B0F77B8F53BAD77C65 /* libPods-MixRoute.a */; };
		0712072B21957358009CD87B /* MixViewControllerRoute.m in Sources */ = {isa = PBXBuildFile; fileRef = 0712072A21957358009CD87B /* MixViewControllerRoute.m */; };
		073CEE1F2212C15200CED6ED /* MixRouteManager.m in Sources */ = {isa = PBXBuildFile; fileRef = 073CEE1E2212C15200CED6ED /* MixRouteManager.m */; };
		073CEE222212C1C300CED6ED /* Action.m in Sources */ = {isa = PBXBuildFile; fileRef = 073CEE202212C1C300CED6ED /* Action.m */; };
		0743B2B62174334D00F15570 /* AppDelegate.m in Sources */ = {isa = PBXBuildFile; fileRef = 0743B2B52174334D00F15570 /* AppDelegate.m */; };
		0743B2B92174334D00F15570 /* ViewController.m in Sources */ = {isa = PBXBuildFile; fileRef = 0743B2B82174334D00F15570 /* ViewController.m */; };
		0743B2BE2174334F00F15570 /* Assets.xcassets in Resources */ = {isa = PBXBuildFile; fileRef = 0743B2BD2174334F00F15570 /* Assets.xcassets */; };
		0743B2C12174334F00F15570 /* LaunchScreen.storyboard in Resources */ = {isa = PBXBuildFile; fileRef = 0743B2BF2174334F00F15570 /* LaunchScreen.storyboard */; };
		0743B2C42174334F00F15570 /* main.m in Sources */ = {isa = PBXBuildFile; fileRef = 0743B2C32174334F00F15570 /* main.m */; };
		075DD40722B677FC00AAFE4E /* MixRoute.m in Sources */ = {isa = PBXBuildFile; fileRef = 075DD40622B677FC00AAFE4E /* MixRoute.m */; };
		075DD40D22B67D6A00AAFE4E /* Route.m in Sources */ = {isa = PBXBuildFile; fileRef = 075DD40C22B67D6A00AAFE4E /* Route.m */; };
		075DD41322B67E4E00AAFE4E /* TabBarRoute.m in Sources */ = {isa = PBXBuildFile; fileRef = 075DD41222B67E4E00AAFE4E /* TabBarRoute.m */; };
		075DD41922B67EBF00AAFE4E /* TabBarController.m in Sources */ = {isa = PBXBuildFile; fileRef = 075DD41822B67EBF00AAFE4E /* TabBarController.m */; };
		075DD41C22B680C300AAFE4E /* RouteManager.m in Sources */ = {isa = PBXBuildFile; fileRef = 075DD41B22B680C300AAFE4E /* RouteManager.m */; };
		07BD20AF21779A17005BC428 /* ViewController.xib in Resources */ = {isa = PBXBuildFile; fileRef = 07BD20AE21779A17005BC428 /* ViewController.xib */; };
		07F3D9AC218069AE00B2E923 /* BaseVC.m in Sources */ = {isa = PBXBuildFile; fileRef = 07F3D9AB218069AE00B2E923 /* BaseVC.m */; };
/* End PBXBuildFile section */

/* Begin PBXFileReference section */
		0712072921957358009CD87B /* MixViewControllerRoute.h */ = {isa = PBXFileReference; lastKnownFileType = sourcecode.c.h; path = MixViewControllerRoute.h; sourceTree = "<group>"; };
		0712072A21957358009CD87B /* MixViewControllerRoute.m */ = {isa = PBXFileReference; lastKnownFileType = sourcecode.c.objc; path = MixViewControllerRoute.m; sourceTree = "<group>"; };
		073CEE1D2212C15200CED6ED /* MixRouteManager.h */ = {isa = PBXFileReference; lastKnownFileType = sourcecode.c.h; path = MixRouteManager.h; sourceTree = "<group>"; };
		073CEE1E2212C15200CED6ED /* MixRouteManager.m */ = {isa = PBXFileReference; lastKnownFileType = sourcecode.c.objc; path = MixRouteManager.m; sourceTree = "<group>"; };
		073CEE202212C1C300CED6ED /* Action.m */ = {isa = PBXFileReference; fileEncoding = 4; lastKnownFileType = sourcecode.c.objc; path = Action.m; sourceTree = "<group>"; };
		073CEE212212C1C300CED6ED /* Action.h */ = {isa = PBXFileReference; fileEncoding = 4; lastKnownFileType = sourcecode.c.h; path = Action.h; sourceTree = "<group>"; };
		0743B2B12174334D00F15570 /* MixRoute.app */ = {isa = PBXFileReference; explicitFileType = wrapper.application; includeInIndex = 0; path = MixRoute.app; sourceTree = BUILT_PRODUCTS_DIR; };
		0743B2B42174334D00F15570 /* AppDelegate.h */ = {isa = PBXFileReference; lastKnownFileType = sourcecode.c.h; path = AppDelegate.h; sourceTree = "<group>"; };
		0743B2B52174334D00F15570 /* AppDelegate.m */ = {isa = PBXFileReference; lastKnownFileType = sourcecode.c.objc; path = AppDelegate.m; sourceTree = "<group>"; };
		0743B2B72174334D00F15570 /* ViewController.h */ = {isa = PBXFileReference; lastKnownFileType = sourcecode.c.h; path = ViewController.h; sourceTree = "<group>"; };
		0743B2B82174334D00F15570 /* ViewController.m */ = {isa = PBXFileReference; lastKnownFileType = sourcecode.c.objc; path = ViewController.m; sourceTree = "<group>"; };
		0743B2BD2174334F00F15570 /* Assets.xcassets */ = {isa = PBXFileReference; lastKnownFileType = folder.assetcatalog; path = Assets.xcassets; sourceTree = "<group>"; };
		0743B2C02174334F00F15570 /* Base */ = {isa = PBXFileReference; lastKnownFileType = file.storyboard; name = Base; path = Base.lproj/LaunchScreen.storyboard; sourceTree = "<group>"; };
		0743B2C22174334F00F15570 /* Info.plist */ = {isa = PBXFileReference; lastKnownFileType = text.plist.xml; path = Info.plist; sourceTree = "<group>"; };
		0743B2C32174334F00F15570 /* main.m */ = {isa = PBXFileReference; lastKnownFileType = sourcecode.c.objc; path = main.m; sourceTree = "<group>"; };
		075DD40522B677FC00AAFE4E /* MixRoute.h */ = {isa = PBXFileReference; lastKnownFileType = sourcecode.c.h; path = MixRoute.h; sourceTree = "<group>"; };
		075DD40622B677FC00AAFE4E /* MixRoute.m */ = {isa = PBXFileReference; lastKnownFileType = sourcecode.c.objc; path = MixRoute.m; sourceTree = "<group>"; };
		075DD40B22B67D6A00AAFE4E /* Route.h */ = {isa = PBXFileReference; lastKnownFileType = sourcecode.c.h; path = Route.h; sourceTree = "<group>"; };
		075DD40C22B67D6A00AAFE4E /* Route.m */ = {isa = PBXFileReference; lastKnownFileType = sourcecode.c.objc; path = Route.m; sourceTree = "<group>"; };
		075DD41122B67E4E00AAFE4E /* TabBarRoute.h */ = {isa = PBXFileReference; lastKnownFileType = sourcecode.c.h; path = TabBarRoute.h; sourceTree = "<group>"; };
		075DD41222B67E4E00AAFE4E /* TabBarRoute.m */ = {isa = PBXFileReference; lastKnownFileType = sourcecode.c.objc; path = TabBarRoute.m; sourceTree = "<group>"; };
		075DD41722B67EBF00AAFE4E /* TabBarController.h */ = {isa = PBXFileReference; lastKnownFileType = sourcecode.c.h; path = TabBarController.h; sourceTree = "<group>"; };
		075DD41822B67EBF00AAFE4E /* TabBarController.m */ = {isa = PBXFileReference; lastKnownFileType = sourcecode.c.objc; path = TabBarController.m; sourceTree = "<group>"; };
		075DD41A22B680C300AAFE4E /* RouteManager.h */ = {isa = PBXFileReference; lastKnownFileType = sourcecode.c.h; path = RouteManager.h; sourceTree = "<group>"; };
		075DD41B22B680C300AAFE4E /* RouteManager.m */ = {isa = PBXFileReference; lastKnownFileType = sourcecode.c.objc; path = RouteManager.m; sourceTree = "<group>"; };
		07BD20AE21779A17005BC428 /* ViewController.xib */ = {isa = PBXFileReference; lastKnownFileType = file.xib; path = ViewController.xib; sourceTree = "<group>"; };
		07E469C02213FFC100E8A885 /* MixRoute.podspec */ = {isa = PBXFileReference; lastKnownFileType = text; path = MixRoute.podspec; sourceTree = "<group>"; };
		07F3D9AA218069AE00B2E923 /* BaseVC.h */ = {isa = PBXFileReference; lastKnownFileType = sourcecode.c.h; path = BaseVC.h; sourceTree = "<group>"; };
		07F3D9AB218069AE00B2E923 /* BaseVC.m */ = {isa = PBXFileReference; lastKnownFileType = sourcecode.c.objc; path = BaseVC.m; sourceTree = "<group>"; };
		8AA22899CB52337F8CCC1EBA /* Pods-MixRoute.debug.xcconfig */ = {isa = PBXFileReference; includeInIndex = 1; lastKnownFileType = text.xcconfig; name = "Pods-MixRoute.debug.xcconfig"; path = "Target Support Files/Pods-MixRoute/Pods-MixRoute.debug.xcconfig"; sourceTree = "<group>"; };
		A2DE9DD6EE7695CF77BE5A27 /* Pods-MixRoute.release.xcconfig */ = {isa = PBXFileReference; includeInIndex = 1; lastKnownFileType = text.xcconfig; name = "Pods-MixRoute.release.xcconfig"; path = "Target Support Files/Pods-MixRoute/Pods-MixRoute.release.xcconfig"; sourceTree = "<group>"; };
		B88D00B0F77B8F53BAD77C65 /* libPods-MixRoute.a */ = {isa = PBXFileReference; explicitFileType = archive.ar; includeInIndex = 0; path = "libPods-MixRoute.a"; sourceTree = BUILT_PRODUCTS_DIR; };
/* End PBXFileReference section */

/* Begin PBXFrameworksBuildPhase section */
		0743B2AE2174334D00F15570 /* Frameworks */ = {
			isa = PBXFrameworksBuildPhase;
			buildActionMask = 2147483647;
			files = (
				008F2717302076FC748F7741 /* libPods-MixRoute.a in Frameworks */,
			);
			runOnlyForDeploymentPostprocessing = 0;
		};
/* End PBXFrameworksBuildPhase section */

/* Begin PBXGroup section */
		0743B2A82174334D00F15570 = {
			isa = PBXGroup;
			children = (
				07E469C02213FFC100E8A885 /* MixRoute.podspec */,
				0743B2CA217433A600F15570 /* Classes */,
				0743B2B32174334D00F15570 /* MixRoute */,
				0743B2B22174334D00F15570 /* Products */,
				C6137C0FB8DB43C980A555C0 /* Pods */,
				0F9FA99832A1C66A148DBF4B /* Frameworks */,
			);
			sourceTree = "<group>";
		};
		0743B2B22174334D00F15570 /* Products */ = {
			isa = PBXGroup;
			children = (
				0743B2B12174334D00F15570 /* MixRoute.app */,
			);
			name = Products;
			sourceTree = "<group>";
		};
		0743B2B32174334D00F15570 /* MixRoute */ = {
			isa = PBXGroup;
			children = (
				075DD40B22B67D6A00AAFE4E /* Route.h */,
				075DD40C22B67D6A00AAFE4E /* Route.m */,
				075DD41A22B680C300AAFE4E /* RouteManager.h */,
				075DD41B22B680C300AAFE4E /* RouteManager.m */,
				07F3D9AA218069AE00B2E923 /* BaseVC.h */,
				07F3D9AB218069AE00B2E923 /* BaseVC.m */,
				073CEE212212C1C300CED6ED /* Action.h */,
				073CEE202212C1C300CED6ED /* Action.m */,
				075DD41122B67E4E00AAFE4E /* TabBarRoute.h */,
				075DD41222B67E4E00AAFE4E /* TabBarRoute.m */,
				075DD41722B67EBF00AAFE4E /* TabBarController.h */,
				075DD41822B67EBF00AAFE4E /* TabBarController.m */,
				0743B2B42174334D00F15570 /* AppDelegate.h */,
				0743B2B52174334D00F15570 /* AppDelegate.m */,
				0743B2B72174334D00F15570 /* ViewController.h */,
				0743B2B82174334D00F15570 /* ViewController.m */,
				07BD20AE21779A17005BC428 /* ViewController.xib */,
				0743B2BD2174334F00F15570 /* Assets.xcassets */,
				0743B2BF2174334F00F15570 /* LaunchScreen.storyboard */,
				0743B2C22174334F00F15570 /* Info.plist */,
				0743B2C32174334F00F15570 /* main.m */,
			);
			path = MixRoute;
			sourceTree = "<group>";
		};
		0743B2CA217433A600F15570 /* Classes */ = {
			isa = PBXGroup;
			children = (
				075DD40522B677FC00AAFE4E /* MixRoute.h */,
				075DD40622B677FC00AAFE4E /* MixRoute.m */,
				073CEE1D2212C15200CED6ED /* MixRouteManager.h */,
				073CEE1E2212C15200CED6ED /* MixRouteManager.m */,
				0712072921957358009CD87B /* MixViewControllerRoute.h */,
				0712072A21957358009CD87B /* MixViewControllerRoute.m */,
			);
			path = Classes;
			sourceTree = "<group>";
		};
		0F9FA99832A1C66A148DBF4B /* Frameworks */ = {
			isa = PBXGroup;
			children = (
				B88D00B0F77B8F53BAD77C65 /* libPods-MixRoute.a */,
			);
			name = Frameworks;
			sourceTree = "<group>";
		};
		C6137C0FB8DB43C980A555C0 /* Pods */ = {
			isa = PBXGroup;
			children = (
				8AA22899CB52337F8CCC1EBA /* Pods-MixRoute.debug.xcconfig */,
				A2DE9DD6EE7695CF77BE5A27 /* Pods-MixRoute.release.xcconfig */,
			);
			path = Pods;
			sourceTree = "<group>";
		};
/* End PBXGroup section */

/* Begin PBXNativeTarget section */
		0743B2B02174334D00F15570 /* MixRoute */ = {
			isa = PBXNativeTarget;
			buildConfigurationList = 0743B2C72174334F00F15570 /* Build configuration list for PBXNativeTarget "MixRoute" */;
			buildPhases = (
				7334E24780712F0FB0F0ECB4 /* [CP] Check Pods Manifest.lock */,
				0743B2AD2174334D00F15570 /* Sources */,
				0743B2AE2174334D00F15570 /* Frameworks */,
				0743B2AF2174334D00F15570 /* Resources */,
			);
			buildRules = (
			);
			dependencies = (
			);
			name = MixRoute;
			productName = MixRoute;
			productReference = 0743B2B12174334D00F15570 /* MixRoute.app */;
			productType = "com.apple.product-type.application";
		};
/* End PBXNativeTarget section */

/* Begin PBXProject section */
		0743B2A92174334D00F15570 /* Project object */ = {
			isa = PBXProject;
			attributes = {
				LastUpgradeCheck = 1010;
				ORGANIZATIONNAME = YOOEE;
				TargetAttributes = {
					0743B2B02174334D00F15570 = {
						CreatedOnToolsVersion = 9.4.1;
						LastSwiftMigration = 1010;
					};
				};
			};
			buildConfigurationList = 0743B2AC2174334D00F15570 /* Build configuration list for PBXProject "MixRoute" */;
			compatibilityVersion = "Xcode 9.3";
			developmentRegion = en;
			hasScannedForEncodings = 0;
			knownRegions = (
				en,
				Base,
			);
			mainGroup = 0743B2A82174334D00F15570;
			productRefGroup = 0743B2B22174334D00F15570 /* Products */;
			projectDirPath = "";
			projectRoot = "";
			targets = (
				0743B2B02174334D00F15570 /* MixRoute */,
			);
		};
/* End PBXProject section */

/* Begin PBXResourcesBuildPhase section */
		0743B2AF2174334D00F15570 /* Resources */ = {
			isa = PBXResourcesBuildPhase;
			buildActionMask = 2147483647;
			files = (
				0743B2C12174334F00F15570 /* LaunchScreen.storyboard in Resources */,
				0743B2BE2174334F00F15570 /* Assets.xcassets in Resources */,
				07BD20AF21779A17005BC428 /* ViewController.xib in Resources */,
			);
			runOnlyForDeploymentPostprocessing = 0;
		};
/* End PBXResourcesBuildPhase section */

/* Begin PBXShellScriptBuildPhase section */
		7334E24780712F0FB0F0ECB4 /* [CP] Check Pods Manifest.lock */ = {
			isa = PBXShellScriptBuildPhase;
			buildActionMask = 2147483647;
			files = (
			);
			inputFileListPaths = (
			);
			inputPaths = (
				"${PODS_PODFILE_DIR_PATH}/Podfile.lock",
				"${PODS_ROOT}/Manifest.lock",
			);
			name = "[CP] Check Pods Manifest.lock";
			outputFileListPaths = (
			);
			outputPaths = (
				"$(DERIVED_FILE_DIR)/Pods-MixRoute-checkManifestLockResult.txt",
			);
			runOnlyForDeploymentPostprocessing = 0;
			shellPath = /bin/sh;
			shellScript = "diff \"${PODS_PODFILE_DIR_PATH}/Podfile.lock\" \"${PODS_ROOT}/Manifest.lock\" > /dev/null\nif [ $? != 0 ] ; then\n    # print error to STDERR\n    echo \"error: The sandbox is not in sync with the Podfile.lock. Run 'pod install' or update your CocoaPods installation.\" >&2\n    exit 1\nfi\n# This output is used by Xcode 'outputs' to avoid re-running this script phase.\necho \"SUCCESS\" > \"${SCRIPT_OUTPUT_FILE_0}\"\n";
			showEnvVarsInLog = 0;
		};
/* End PBXShellScriptBuildPhase section */

/* Begin PBXSourcesBuildPhase section */
		0743B2AD2174334D00F15570 /* Sources */ = {
			isa = PBXSourcesBuildPhase;
			buildActionMask = 2147483647;
			files = (
				073CEE1F2212C15200CED6ED /* MixRouteManager.m in Sources */,
				0743B2B92174334D00F15570 /* ViewController.m in Sources */,
				075DD40722B677FC00AAFE4E /* MixRoute.m in Sources */,
				075DD40D22B67D6A00AAFE4E /* Route.m in Sources */,
				0743B2C42174334F00F15570 /* main.m in Sources */,
				075DD41322B67E4E00AAFE4E /* TabBarRoute.m in Sources */,
				0743B2B62174334D00F15570 /* AppDelegate.m in Sources */,
				075DD41C22B680C300AAFE4E /* RouteManager.m in Sources */,
				0712072B21957358009CD87B /* MixViewControllerRoute.m in Sources */,
				075DD41922B67EBF00AAFE4E /* TabBarController.m in Sources */,
				073CEE222212C1C300CED6ED /* Action.m in Sources */,
				07F3D9AC218069AE00B2E923 /* BaseVC.m in Sources */,
			);
			runOnlyForDeploymentPostprocessing = 0;
		};
/* End PBXSourcesBuildPhase section */

/* Begin PBXVariantGroup section */
		0743B2BF2174334F00F15570 /* LaunchScreen.storyboard */ = {
			isa = PBXVariantGroup;
			children = (
				0743B2C02174334F00F15570 /* Base */,
			);
			name = LaunchScreen.storyboard;
			sourceTree = "<group>";
		};
/* End PBXVariantGroup section */

/* Begin XCBuildConfiguration section */
		0743B2C52174334F00F15570 /* Debug */ = {
			isa = XCBuildConfiguration;
			buildSettings = {
				ALWAYS_SEARCH_USER_PATHS = NO;
				CLANG_ANALYZER_NONNULL = YES;
				CLANG_ANALYZER_NUMBER_OBJECT_CONVERSION = YES_AGGRESSIVE;
				CLANG_CXX_LANGUAGE_STANDARD = "gnu++14";
				CLANG_CXX_LIBRARY = "libc++";
				CLANG_ENABLE_MODULES = YES;
				CLANG_ENABLE_OBJC_ARC = YES;
				CLANG_ENABLE_OBJC_WEAK = YES;
				CLANG_WARN_BLOCK_CAPTURE_AUTORELEASING = YES;
				CLANG_WARN_BOOL_CONVERSION = YES;
				CLANG_WARN_COMMA = YES;
				CLANG_WARN_CONSTANT_CONVERSION = YES;
				CLANG_WARN_DEPRECATED_OBJC_IMPLEMENTATIONS = YES;
				CLANG_WARN_DIRECT_OBJC_ISA_USAGE = YES_ERROR;
				CLANG_WARN_DOCUMENTATION_COMMENTS = YES;
				CLANG_WARN_EMPTY_BODY = YES;
				CLANG_WARN_ENUM_CONVERSION = YES;
				CLANG_WARN_INFINITE_RECURSION = YES;
				CLANG_WARN_INT_CONVERSION = YES;
				CLANG_WARN_NON_LITERAL_NULL_CONVERSION = YES;
				CLANG_WARN_OBJC_IMPLICIT_RETAIN_SELF = YES;
				CLANG_WARN_OBJC_LITERAL_CONVERSION = YES;
				CLANG_WARN_OBJC_ROOT_CLASS = YES_ERROR;
				CLANG_WARN_RANGE_LOOP_ANALYSIS = YES;
				CLANG_WARN_STRICT_PROTOTYPES = YES;
				CLANG_WARN_SUSPICIOUS_MOVE = YES;
				CLANG_WARN_UNGUARDED_AVAILABILITY = YES_AGGRESSIVE;
				CLANG_WARN_UNREACHABLE_CODE = YES;
				CLANG_WARN__DUPLICATE_METHOD_MATCH = YES;
				CODE_SIGN_IDENTITY = "iPhone Developer";
				COPY_PHASE_STRIP = NO;
				DEBUG_INFORMATION_FORMAT = dwarf;
				ENABLE_STRICT_OBJC_MSGSEND = YES;
				ENABLE_TESTABILITY = YES;
				GCC_C_LANGUAGE_STANDARD = gnu11;
				GCC_DYNAMIC_NO_PIC = NO;
				GCC_NO_COMMON_BLOCKS = YES;
				GCC_OPTIMIZATION_LEVEL = 0;
				GCC_PREPROCESSOR_DEFINITIONS = (
					"DEBUG=1",
					"$(inherited)",
				);
				GCC_WARN_64_TO_32_BIT_CONVERSION = YES;
				GCC_WARN_ABOUT_RETURN_TYPE = YES_ERROR;
				GCC_WARN_UNDECLARED_SELECTOR = YES;
				GCC_WARN_UNINITIALIZED_AUTOS = YES_AGGRESSIVE;
				GCC_WARN_UNUSED_FUNCTION = YES;
				GCC_WARN_UNUSED_VARIABLE = YES;
				IPHONEOS_DEPLOYMENT_TARGET = 11.4;
				MTL_ENABLE_DEBUG_INFO = YES;
				ONLY_ACTIVE_ARCH = YES;
				SDKROOT = iphoneos;
			};
			name = Debug;
		};
		0743B2C62174334F00F15570 /* Release */ = {
			isa = XCBuildConfiguration;
			buildSettings = {
				ALWAYS_SEARCH_USER_PATHS = NO;
				CLANG_ANALYZER_NONNULL = YES;
				CLANG_ANALYZER_NUMBER_OBJECT_CONVERSION = YES_AGGRESSIVE;
				CLANG_CXX_LANGUAGE_STANDARD = "gnu++14";
				CLANG_CXX_LIBRARY = "libc++";
				CLANG_ENABLE_MODULES = YES;
				CLANG_ENABLE_OBJC_ARC = YES;
				CLANG_ENABLE_OBJC_WEAK = YES;
				CLANG_WARN_BLOCK_CAPTURE_AUTORELEASING = YES;
				CLANG_WARN_BOOL_CONVERSION = YES;
				CLANG_WARN_COMMA = YES;
				CLANG_WARN_CONSTANT_CONVERSION = YES;
				CLANG_WARN_DEPRECATED_OBJC_IMPLEMENTATIONS = YES;
				CLANG_WARN_DIRECT_OBJC_ISA_USAGE = YES_ERROR;
				CLANG_WARN_DOCUMENTATION_COMMENTS = YES;
				CLANG_WARN_EMPTY_BODY = YES;
				CLANG_WARN_ENUM_CONVERSION = YES;
				CLANG_WARN_INFINITE_RECURSION = YES;
				CLANG_WARN_INT_CONVERSION = YES;
				CLANG_WARN_NON_LITERAL_NULL_CONVERSION = YES;
				CLANG_WARN_OBJC_IMPLICIT_RETAIN_SELF = YES;
				CLANG_WARN_OBJC_LITERAL_CONVERSION = YES;
				CLANG_WARN_OBJC_ROOT_CLASS = YES_ERROR;
				CLANG_WARN_RANGE_LOOP_ANALYSIS = YES;
				CLANG_WARN_STRICT_PROTOTYPES = YES;
				CLANG_WARN_SUSPICIOUS_MOVE = YES;
				CLANG_WARN_UNGUARDED_AVAILABILITY = YES_AGGRESSIVE;
				CLANG_WARN_UNREACHABLE_CODE = YES;
				CLANG_WARN__DUPLICATE_METHOD_MATCH = YES;
				CODE_SIGN_IDENTITY = "iPhone Developer";
				COPY_PHASE_STRIP = NO;
				DEBUG_INFORMATION_FORMAT = "dwarf-with-dsym";
				ENABLE_NS_ASSERTIONS = NO;
				ENABLE_STRICT_OBJC_MSGSEND = YES;
				GCC_C_LANGUAGE_STANDARD = gnu11;
				GCC_NO_COMMON_BLOCKS = YES;
				GCC_WARN_64_TO_32_BIT_CONVERSION = YES;
				GCC_WARN_ABOUT_RETURN_TYPE = YES_ERROR;
				GCC_WARN_UNDECLARED_SELECTOR = YES;
				GCC_WARN_UNINITIALIZED_AUTOS = YES_AGGRESSIVE;
				GCC_WARN_UNUSED_FUNCTION = YES;
				GCC_WARN_UNUSED_VARIABLE = YES;
				IPHONEOS_DEPLOYMENT_TARGET = 11.4;
				MTL_ENABLE_DEBUG_INFO = NO;
				SDKROOT = iphoneos;
				SWIFT_COMPILATION_MODE = wholemodule;
				VALIDATE_PRODUCT = YES;
			};
			name = Release;
		};
		0743B2C82174334F00F15570 /* Debug */ = {
			isa = XCBuildConfiguration;
			baseConfigurationReference = 8AA22899CB52337F8CCC1EBA /* Pods-MixRoute.debug.xcconfig */;
			buildSettings = {
				ASSETCATALOG_COMPILER_APPICON_NAME = AppIcon;
				CLANG_ENABLE_MODULES = YES;
				CODE_SIGN_STYLE = Automatic;
				DEVELOPMENT_TEAM = "";
				INFOPLIST_FILE = MixRoute/Info.plist;
				IPHONEOS_DEPLOYMENT_TARGET = 8.0;
				LD_RUNPATH_SEARCH_PATHS = (
					"$(inherited)",
					"@executable_path/Frameworks",
				);
				PRODUCT_BUNDLE_IDENTIFIER = Eric.MixRoute;
				PRODUCT_NAME = "$(TARGET_NAME)";
				SWIFT_OBJC_BRIDGING_HEADER = "MixRoute/MixRoute-Bridging-Header.h";
				SWIFT_OPTIMIZATION_LEVEL = "-Onone";
				SWIFT_VERSION = 4.2;
				TARGETED_DEVICE_FAMILY = 1;
			};
			name = Debug;
		};
		0743B2C92174334F00F15570 /* Release */ = {
			isa = XCBuildConfiguration;
			baseConfigurationReference = A2DE9DD6EE7695CF77BE5A27 /* Pods-MixRoute.release.xcconfig */;
			buildSettings = {
				ASSETCATALOG_COMPILER_APPICON_NAME = AppIcon;
				CLANG_ENABLE_MODULES = YES;
				CODE_SIGN_STYLE = Automatic;
				DEVELOPMENT_TEAM = "";
				INFOPLIST_FILE = MixRoute/Info.plist;
				IPHONEOS_DEPLOYMENT_TARGET = 8.0;
				LD_RUNPATH_SEARCH_PATHS = (
					"$(inherited)",
					"@executable_path/Frameworks",
				);
				PRODUCT_BUNDLE_IDENTIFIER = Eric.MixRoute;
				PRODUCT_NAME = "$(TARGET_NAME)";
				SWIFT_OBJC_BRIDGING_HEADER = "MixRoute/MixRoute-Bridging-Header.h";
				SWIFT_VERSION = 4.2;
				TARGETED_DEVICE_FAMILY = 1;
			};
			name = Release;
		};
/* End XCBuildConfiguration section */

/* Begin XCConfigurationList section */
		0743B2AC2174334D00F15570 /* Build configuration list for PBXProject "MixRoute" */ = {
			isa = XCConfigurationList;
			buildConfigurations = (
				0743B2C52174334F00F15570 /* Debug */,
				0743B2C62174334F00F15570 /* Release */,
			);
			defaultConfigurationIsVisible = 0;
			defaultConfigurationName = Release;
		};
		0743B2C72174334F00F15570 /* Build configuration list for PBXNativeTarget "MixRoute" */ = {
			isa = XCConfigurationList;
			buildConfigurations = (
				0743B2C82174334F00F15570 /* Debug */,
				0743B2C92174334F00F15570 /* Release */,
			);
			defaultConfigurationIsVisible = 0;
			defaultConfigurationName = Release;
		};
/* End XCConfigurationList section */
	};
	rootObject = 0743B2A92174334D00F15570 /* Project object */;
}
